// !$*UTF8*$!
{
	archiveVersion = 1;
	classes = {
	};
	objectVersion = 46;
	objects = {

/* Begin PBXBuildFile section */
		D23B35F61C0C6B6600B3DDBD /* AppDelegate.swift in Sources */ = {isa = PBXBuildFile; fileRef = D23B35F51C0C6B6600B3DDBD /* AppDelegate.swift */; };
		D23B35F81C0C6B6600B3DDBD /* ViewController.swift in Sources */ = {isa = PBXBuildFile; fileRef = D23B35F71C0C6B6600B3DDBD /* ViewController.swift */; };
		D23B35FB1C0C6B6600B3DDBD /* Main.storyboard in Resources */ = {isa = PBXBuildFile; fileRef = D23B35F91C0C6B6600B3DDBD /* Main.storyboard */; };
		D23B35FD1C0C6B6600B3DDBD /* Assets.xcassets in Resources */ = {isa = PBXBuildFile; fileRef = D23B35FC1C0C6B6600B3DDBD /* Assets.xcassets */; };
		D23B36001C0C6B6600B3DDBD /* LaunchScreen.storyboard in Resources */ = {isa = PBXBuildFile; fileRef = D23B35FE1C0C6B6600B3DDBD /* LaunchScreen.storyboard */; };
		D23B360B1C0C6B6600B3DDBD /* greenhouseSampleTests.swift in Sources */ = {isa = PBXBuildFile; fileRef = D23B360A1C0C6B6600B3DDBD /* greenhouseSampleTests.swift */; };
		D23B36161C0C6B6600B3DDBD /* greenhouseSampleUITests.swift in Sources */ = {isa = PBXBuildFile; fileRef = D23B36151C0C6B6600B3DDBD /* greenhouseSampleUITests.swift */; };
/* End PBXBuildFile section */

/* Begin PBXContainerItemProxy section */
		D23B36071C0C6B6600B3DDBD /* PBXContainerItemProxy */ = {
			isa = PBXContainerItemProxy;
			containerPortal = D23B35EA1C0C6B6600B3DDBD /* Project object */;
			proxyType = 1;
			remoteGlobalIDString = D23B35F11C0C6B6600B3DDBD;
			remoteInfo = greenhouseSample;
		};
		D23B36121C0C6B6600B3DDBD /* PBXContainerItemProxy */ = {
			isa = PBXContainerItemProxy;
			containerPortal = D23B35EA1C0C6B6600B3DDBD /* Project object */;
			proxyType = 1;
			remoteGlobalIDString = D23B35F11C0C6B6600B3DDBD;
			remoteInfo = greenhouseSample;
		};
/* End PBXContainerItemProxy section */

/* Begin PBXFileReference section */
		D23B35F21C0C6B6600B3DDBD /* greenhouseSample.app */ = {isa = PBXFileReference; explicitFileType = wrapper.application; includeInIndex = 0; path = greenhouseSample.app; sourceTree = BUILT_PRODUCTS_DIR; };
		D23B35F51C0C6B6600B3DDBD /* AppDelegate.swift */ = {isa = PBXFileReference; lastKnownFileType = sourcecode.swift; path = AppDelegate.swift; sourceTree = "<group>"; };
		D23B35F71C0C6B6600B3DDBD /* ViewController.swift */ = {isa = PBXFileReference; lastKnownFileType = sourcecode.swift; path = ViewController.swift; sourceTree = "<group>"; };
		D23B35FA1C0C6B6600B3DDBD /* Base */ = {isa = PBXFileReference; lastKnownFileType = file.storyboard; name = Base; path = Base.lproj/Main.storyboard; sourceTree = "<group>"; };
		D23B35FC1C0C6B6600B3DDBD /* Assets.xcassets */ = {isa = PBXFileReference; lastKnownFileType = folder.assetcatalog; path = Assets.xcassets; sourceTree = "<group>"; };
		D23B35FF1C0C6B6600B3DDBD /* Base */ = {isa = PBXFileReference; lastKnownFileType = file.storyboard; name = Base; path = Base.lproj/LaunchScreen.storyboard; sourceTree = "<group>"; };
		D23B36011C0C6B6600B3DDBD /* Info.plist */ = {isa = PBXFileReference; lastKnownFileType = text.plist.xml; path = Info.plist; sourceTree = "<group>"; };
		D23B36061C0C6B6600B3DDBD /* greenhouseSampleTests.xctest */ = {isa = PBXFileReference; explicitFileType = wrapper.cfbundle; includeInIndex = 0; path = greenhouseSampleTests.xctest; sourceTree = BUILT_PRODUCTS_DIR; };
		D23B360A1C0C6B6600B3DDBD /* greenhouseSampleTests.swift */ = {isa = PBXFileReference; lastKnownFileType = sourcecode.swift; path = greenhouseSampleTests.swift; sourceTree = "<group>"; };
		D23B360C1C0C6B6600B3DDBD /* Info.plist */ = {isa = PBXFileReference; lastKnownFileType = text.plist.xml; path = Info.plist; sourceTree = "<group>"; };
		D23B36111C0C6B6600B3DDBD /* greenhouseSampleUITests.xctest */ = {isa = PBXFileReference; explicitFileType = wrapper.cfbundle; includeInIndex = 0; path = greenhouseSampleUITests.xctest; sourceTree = BUILT_PRODUCTS_DIR; };
		D23B36151C0C6B6600B3DDBD /* greenhouseSampleUITests.swift */ = {isa = PBXFileReference; lastKnownFileType = sourcecode.swift; path = greenhouseSampleUITests.swift; sourceTree = "<group>"; };
		D23B36171C0C6B6600B3DDBD /* Info.plist */ = {isa = PBXFileReference; lastKnownFileType = text.plist.xml; path = Info.plist; sourceTree = "<group>"; };
/* End PBXFileReference section */

/* Begin PBXFrameworksBuildPhase section */
		D23B35EF1C0C6B6600B3DDBD /* Frameworks */ = {
			isa = PBXFrameworksBuildPhase;
			buildActionMask = 2147483647;
			files = (
			);
			runOnlyForDeploymentPostprocessing = 0;
		};
		D23B36031C0C6B6600B3DDBD /* Frameworks */ = {
			isa = PBXFrameworksBuildPhase;
			buildActionMask = 2147483647;
			files = (
			);
			runOnlyForDeploymentPostprocessing = 0;
		};
		D23B360E1C0C6B6600B3DDBD /* Frameworks */ = {
			isa = PBXFrameworksBuildPhase;
			buildActionMask = 2147483647;
			files = (
			);
			runOnlyForDeploymentPostprocessing = 0;
		};
/* End PBXFrameworksBuildPhase section */

/* Begin PBXGroup section */
		D23B35E91C0C6B6600B3DDBD = {
			isa = PBXGroup;
			children = (
				D23B35F41C0C6B6600B3DDBD /* greenhouseSample */,
				D23B36091C0C6B6600B3DDBD /* greenhouseSampleTests */,
				D23B36141C0C6B6600B3DDBD /* greenhouseSampleUITests */,
				D23B35F31C0C6B6600B3DDBD /* Products */,
			);
			sourceTree = "<group>";
		};
		D23B35F31C0C6B6600B3DDBD /* Products */ = {
			isa = PBXGroup;
			children = (
				D23B35F21C0C6B6600B3DDBD /* greenhouseSample.app */,
				D23B36061C0C6B6600B3DDBD /* greenhouseSampleTests.xctest */,
				D23B36111C0C6B6600B3DDBD /* greenhouseSampleUITests.xctest */,
			);
			name = Products;
			sourceTree = "<group>";
		};
		D23B35F41C0C6B6600B3DDBD /* greenhouseSample */ = {
			isa = PBXGroup;
			children = (
				D23B35F51C0C6B6600B3DDBD /* AppDelegate.swift */,
				D23B35F71C0C6B6600B3DDBD /* ViewController.swift */,
				D23B35F91C0C6B6600B3DDBD /* Main.storyboard */,
				D23B35FC1C0C6B6600B3DDBD /* Assets.xcassets */,
				D23B35FE1C0C6B6600B3DDBD /* LaunchScreen.storyboard */,
				D23B36011C0C6B6600B3DDBD /* Info.plist */,
			);
			path = greenhouseSample;
			sourceTree = "<group>";
		};
		D23B36091C0C6B6600B3DDBD /* greenhouseSampleTests */ = {
			isa = PBXGroup;
			children = (
				D23B360A1C0C6B6600B3DDBD /* greenhouseSampleTests.swift */,
				D23B360C1C0C6B6600B3DDBD /* Info.plist */,
			);
			path = greenhouseSampleTests;
			sourceTree = "<group>";
		};
		D23B36141C0C6B6600B3DDBD /* greenhouseSampleUITests */ = {
			isa = PBXGroup;
			children = (
				D23B36151C0C6B6600B3DDBD /* greenhouseSampleUITests.swift */,
				D23B36171C0C6B6600B3DDBD /* Info.plist */,
			);
			path = greenhouseSampleUITests;
			sourceTree = "<group>";
		};
/* End PBXGroup section */

/* Begin PBXNativeTarget section */
		D23B35F11C0C6B6600B3DDBD /* greenhouseSample */ = {
			isa = PBXNativeTarget;
			buildConfigurationList = D23B361A1C0C6B6600B3DDBD /* Build configuration list for PBXNativeTarget "greenhouseSample" */;
			buildPhases = (
				D23B35EE1C0C6B6600B3DDBD /* Sources */,
				D23B35EF1C0C6B6600B3DDBD /* Frameworks */,
				D23B35F01C0C6B6600B3DDBD /* Resources */,
			);
			buildRules = (
			);
			dependencies = (
			);
			name = greenhouseSample;
			productName = greenhouseSample;
			productReference = D23B35F21C0C6B6600B3DDBD /* greenhouseSample.app */;
			productType = "com.apple.product-type.application";
		};
		D23B36051C0C6B6600B3DDBD /* greenhouseSampleTests */ = {
			isa = PBXNativeTarget;
			buildConfigurationList = D23B361D1C0C6B6600B3DDBD /* Build configuration list for PBXNativeTarget "greenhouseSampleTests" */;
			buildPhases = (
				D23B36021C0C6B6600B3DDBD /* Sources */,
				D23B36031C0C6B6600B3DDBD /* Frameworks */,
				D23B36041C0C6B6600B3DDBD /* Resources */,
			);
			buildRules = (
			);
			dependencies = (
				D23B36081C0C6B6600B3DDBD /* PBXTargetDependency */,
			);
			name = greenhouseSampleTests;
			productName = greenhouseSampleTests;
			productReference = D23B36061C0C6B6600B3DDBD /* greenhouseSampleTests.xctest */;
			productType = "com.apple.product-type.bundle.unit-test";
		};
		D23B36101C0C6B6600B3DDBD /* greenhouseSampleUITests */ = {
			isa = PBXNativeTarget;
			buildConfigurationList = D23B36201C0C6B6600B3DDBD /* Build configuration list for PBXNativeTarget "greenhouseSampleUITests" */;
			buildPhases = (
				D23B360D1C0C6B6600B3DDBD /* Sources */,
				D23B360E1C0C6B6600B3DDBD /* Frameworks */,
				D23B360F1C0C6B6600B3DDBD /* Resources */,
			);
			buildRules = (
			);
			dependencies = (
				D23B36131C0C6B6600B3DDBD /* PBXTargetDependency */,
			);
			name = greenhouseSampleUITests;
			productName = greenhouseSampleUITests;
			productReference = D23B36111C0C6B6600B3DDBD /* greenhouseSampleUITests.xctest */;
			productType = "com.apple.product-type.bundle.ui-testing";
		};
/* End PBXNativeTarget section */

/* Begin PBXProject section */
		D23B35EA1C0C6B6600B3DDBD /* Project object */ = {
			isa = PBXProject;
			attributes = {
				LastSwiftUpdateCheck = 0710;
				LastUpgradeCheck = 0710;
				ORGANIZATIONNAME = "Takeshi Kawai";
				TargetAttributes = {
					D23B35F11C0C6B6600B3DDBD = {
						CreatedOnToolsVersion = 7.1.1;
					};
					D23B36051C0C6B6600B3DDBD = {
						CreatedOnToolsVersion = 7.1.1;
						TestTargetID = D23B35F11C0C6B6600B3DDBD;
					};
					D23B36101C0C6B6600B3DDBD = {
						CreatedOnToolsVersion = 7.1.1;
						TestTargetID = D23B35F11C0C6B6600B3DDBD;
					};
				};
			};
			buildConfigurationList = D23B35ED1C0C6B6600B3DDBD /* Build configuration list for PBXProject "greenhouseSample" */;
			compatibilityVersion = "Xcode 3.2";
			developmentRegion = English;
			hasScannedForEncodings = 0;
			knownRegions = (
				en,
				Base,
			);
			mainGroup = D23B35E91C0C6B6600B3DDBD;
			productRefGroup = D23B35F31C0C6B6600B3DDBD /* Products */;
			projectDirPath = "";
			projectRoot = "";
			targets = (
				D23B35F11C0C6B6600B3DDBD /* greenhouseSample */,
				D23B36051C0C6B6600B3DDBD /* greenhouseSampleTests */,
				D23B36101C0C6B6600B3DDBD /* greenhouseSampleUITests */,
			);
		};
/* End PBXProject section */

/* Begin PBXResourcesBuildPhase section */
		D23B35F01C0C6B6600B3DDBD /* Resources */ = {
			isa = PBXResourcesBuildPhase;
			buildActionMask = 2147483647;
			files = (
				D23B36001C0C6B6600B3DDBD /* LaunchScreen.storyboard in Resources */,
				D23B35FD1C0C6B6600B3DDBD /* Assets.xcassets in Resources */,
				D23B35FB1C0C6B6600B3DDBD /* Main.storyboard in Resources */,
			);
			runOnlyForDeploymentPostprocessing = 0;
		};
		D23B36041C0C6B6600B3DDBD /* Resources */ = {
			isa = PBXResourcesBuildPhase;
			buildActionMask = 2147483647;
			files = (
			);
			runOnlyForDeploymentPostprocessing = 0;
		};
		D23B360F1C0C6B6600B3DDBD /* Resources */ = {
			isa = PBXResourcesBuildPhase;
			buildActionMask = 2147483647;
			files = (
			);
			runOnlyForDeploymentPostprocessing = 0;
		};
/* End PBXResourcesBuildPhase section */

/* Begin PBXSourcesBuildPhase section */
		D23B35EE1C0C6B6600B3DDBD /* Sources */ = {
			isa = PBXSourcesBuildPhase;
			buildActionMask = 2147483647;
			files = (
				D23B35F81C0C6B6600B3DDBD /* ViewController.swift in Sources */,
				D23B35F61C0C6B6600B3DDBD /* AppDelegate.swift in Sources */,
			);
			runOnlyForDeploymentPostprocessing = 0;
		};
		D23B36021C0C6B6600B3DDBD /* Sources */ = {
			isa = PBXSourcesBuildPhase;
			buildActionMask = 2147483647;
			files = (
				D23B360B1C0C6B6600B3DDBD /* greenhouseSampleTests.swift in Sources */,
			);
			runOnlyForDeploymentPostprocessing = 0;
		};
		D23B360D1C0C6B6600B3DDBD /* Sources */ = {
			isa = PBXSourcesBuildPhase;
			buildActionMask = 2147483647;
			files = (
				D23B36161C0C6B6600B3DDBD /* greenhouseSampleUITests.swift in Sources */,
			);
			runOnlyForDeploymentPostprocessing = 0;
		};
/* End PBXSourcesBuildPhase section */

/* Begin PBXTargetDependency section */
		D23B36081C0C6B6600B3DDBD /* PBXTargetDependency */ = {
			isa = PBXTargetDependency;
			target = D23B35F11C0C6B6600B3DDBD /* greenhouseSample */;
			targetProxy = D23B36071C0C6B6600B3DDBD /* PBXContainerItemProxy */;
		};
		D23B36131C0C6B6600B3DDBD /* PBXTargetDependency */ = {
			isa = PBXTargetDependency;
			target = D23B35F11C0C6B6600B3DDBD /* greenhouseSample */;
			targetProxy = D23B36121C0C6B6600B3DDBD /* PBXContainerItemProxy */;
		};
/* End PBXTargetDependency section */

/* Begin PBXVariantGroup section */
		D23B35F91C0C6B6600B3DDBD /* Main.storyboard */ = {
			isa = PBXVariantGroup;
			children = (
				D23B35FA1C0C6B6600B3DDBD /* Base */,
			);
			name = Main.storyboard;
			sourceTree = "<group>";
		};
		D23B35FE1C0C6B6600B3DDBD /* LaunchScreen.storyboard */ = {
			isa = PBXVariantGroup;
			children = (
				D23B35FF1C0C6B6600B3DDBD /* Base */,
			);
			name = LaunchScreen.storyboard;
			sourceTree = "<group>";
		};
/* End PBXVariantGroup section */

/* Begin XCBuildConfiguration section */
		D23B36181C0C6B6600B3DDBD /* Debug */ = {
			isa = XCBuildConfiguration;
			buildSettings = {
				ALWAYS_SEARCH_USER_PATHS = NO;
				CLANG_CXX_LANGUAGE_STANDARD = "gnu++0x";
				CLANG_CXX_LIBRARY = "libc++";
				CLANG_ENABLE_MODULES = YES;
				CLANG_ENABLE_OBJC_ARC = YES;
				CLANG_WARN_BOOL_CONVERSION = YES;
				CLANG_WARN_CONSTANT_CONVERSION = YES;
				CLANG_WARN_DIRECT_OBJC_ISA_USAGE = YES_ERROR;
				CLANG_WARN_EMPTY_BODY = YES;
				CLANG_WARN_ENUM_CONVERSION = YES;
				CLANG_WARN_INT_CONVERSION = YES;
				CLANG_WARN_OBJC_ROOT_CLASS = YES_ERROR;
				CLANG_WARN_UNREACHABLE_CODE = YES;
				CLANG_WARN__DUPLICATE_METHOD_MATCH = YES;
				"CODE_SIGN_IDENTITY[sdk=iphoneos*]" = "iPhone Developer";
				COPY_PHASE_STRIP = NO;
				DEBUG_INFORMATION_FORMAT = dwarf;
				ENABLE_STRICT_OBJC_MSGSEND = YES;
				ENABLE_TESTABILITY = YES;
				GCC_C_LANGUAGE_STANDARD = gnu99;
				GCC_DYNAMIC_NO_PIC = NO;
				GCC_NO_COMMON_BLOCKS = YES;
				GCC_OPTIMIZATION_LEVEL = 0;
				GCC_PREPROCESSOR_DEFINITIONS = (
					"DEBUG=1",
					"$(inherited)",
				);
				GCC_WARN_64_TO_32_BIT_CONVERSION = YES;
				GCC_WARN_ABOUT_RETURN_TYPE = YES_ERROR;
				GCC_WARN_UNDECLARED_SELECTOR = YES;
				GCC_WARN_UNINITIALIZED_AUTOS = YES_AGGRESSIVE;
				GCC_WARN_UNUSED_FUNCTION = YES;
				GCC_WARN_UNUSED_VARIABLE = YES;
				IPHONEOS_DEPLOYMENT_TARGET = 9.1;
				MTL_ENABLE_DEBUG_INFO = YES;
				ONLY_ACTIVE_ARCH = YES;
				SDKROOT = iphoneos;
				SWIFT_OPTIMIZATION_LEVEL = "-Onone";
			};
			name = Debug;
		};
		D23B36191C0C6B6600B3DDBD /* Release */ = {
			isa = XCBuildConfiguration;
			buildSettings = {
				ALWAYS_SEARCH_USER_PATHS = NO;
				CLANG_CXX_LANGUAGE_STANDARD = "gnu++0x";
				CLANG_CXX_LIBRARY = "libc++";
				CLANG_ENABLE_MODULES = YES;
				CLANG_ENABLE_OBJC_ARC = YES;
				CLANG_WARN_BOOL_CONVERSION = YES;
				CLANG_WARN_CONSTANT_CONVERSION = YES;
				CLANG_WARN_DIRECT_OBJC_ISA_USAGE = YES_ERROR;
				CLANG_WARN_EMPTY_BODY = YES;
				CLANG_WARN_ENUM_CONVERSION = YES;
				CLANG_WARN_INT_CONVERSION = YES;
				CLANG_WARN_OBJC_ROOT_CLASS = YES_ERROR;
				CLANG_WARN_UNREACHABLE_CODE = YES;
				CLANG_WARN__DUPLICATE_METHOD_MATCH = YES;
				"CODE_SIGN_IDENTITY[sdk=iphoneos*]" = "iPhone Developer";
				COPY_PHASE_STRIP = NO;
				DEBUG_INFORMATION_FORMAT = "dwarf-with-dsym";
				ENABLE_NS_ASSERTIONS = NO;
				ENABLE_STRICT_OBJC_MSGSEND = YES;
				GCC_C_LANGUAGE_STANDARD = gnu99;
				GCC_NO_COMMON_BLOCKS = YES;
				GCC_WARN_64_TO_32_BIT_CONVERSION = YES;
				GCC_WARN_ABOUT_RETURN_TYPE = YES_ERROR;
				GCC_WARN_UNDECLARED_SELECTOR = YES;
				GCC_WARN_UNINITIALIZED_AUTOS = YES_AGGRESSIVE;
				GCC_WARN_UNUSED_FUNCTION = YES;
				GCC_WARN_UNUSED_VARIABLE = YES;
				IPHONEOS_DEPLOYMENT_TARGET = 9.1;
				MTL_ENABLE_DEBUG_INFO = NO;
				SDKROOT = iphoneos;
				VALIDATE_PRODUCT = YES;
			};
			name = Release;
		};
		D23B361B1C0C6B6600B3DDBD /* Debug */ = {
			isa = XCBuildConfiguration;
			buildSettings = {
				ASSETCATALOG_COMPILER_APPICON_NAME = AppIcon;
				INFOPLIST_FILE = greenhouseSample/Info.plist;
				LD_RUNPATH_SEARCH_PATHS = "$(inherited) @executable_path/Frameworks";
				PRODUCT_BUNDLE_IDENTIFIER = jp.lifelog.greenhouseSample;
				PRODUCT_NAME = "$(TARGET_NAME)";
			};
			name = Debug;
		};
		D23B361C1C0C6B6600B3DDBD /* Release */ = {
			isa = XCBuildConfiguration;
			buildSettings = {
				ASSETCATALOG_COMPILER_APPICON_NAME = AppIcon;
				INFOPLIST_FILE = greenhouseSample/Info.plist;
				LD_RUNPATH_SEARCH_PATHS = "$(inherited) @executable_path/Frameworks";
				PRODUCT_BUNDLE_IDENTIFIER = jp.lifelog.greenhouseSample;
				PRODUCT_NAME = "$(TARGET_NAME)";
			};
			name = Release;
		};
		D23B361E1C0C6B6600B3DDBD /* Debug */ = {
			isa = XCBuildConfiguration;
			buildSettings = {
				BUNDLE_LOADER = "$(TEST_HOST)";
				INFOPLIST_FILE = greenhouseSampleTests/Info.plist;
				LD_RUNPATH_SEARCH_PATHS = "$(inherited) @executable_path/Frameworks @loader_path/Frameworks";
				PRODUCT_BUNDLE_IDENTIFIER = jp.lifelog.greenhouseSampleTests;
				PRODUCT_NAME = "$(TARGET_NAME)";
				TEST_HOST = "$(BUILT_PRODUCTS_DIR)/greenhouseSample.app/greenhouseSample";
			};
			name = Debug;
		};
		D23B361F1C0C6B6600B3DDBD /* Release */ = {
			isa = XCBuildConfiguration;
			buildSettings = {
				BUNDLE_LOADER = "$(TEST_HOST)";
				INFOPLIST_FILE = greenhouseSampleTests/Info.plist;
				LD_RUNPATH_SEARCH_PATHS = "$(inherited) @executable_path/Frameworks @loader_path/Frameworks";
				PRODUCT_BUNDLE_IDENTIFIER = jp.lifelog.greenhouseSampleTests;
				PRODUCT_NAME = "$(TARGET_NAME)";
				TEST_HOST = "$(BUILT_PRODUCTS_DIR)/greenhouseSample.app/greenhouseSample";
			};
			name = Release;
		};
		D23B36211C0C6B6600B3DDBD /* Debug */ = {
			isa = XCBuildConfiguration;
			buildSettings = {
				INFOPLIST_FILE = greenhouseSampleUITests/Info.plist;
				LD_RUNPATH_SEARCH_PATHS = "$(inherited) @executable_path/Frameworks @loader_path/Frameworks";
				PRODUCT_BUNDLE_IDENTIFIER = jp.lifelog.greenhouseSampleUITests;
				PRODUCT_NAME = "$(TARGET_NAME)";
				TEST_TARGET_NAME = greenhouseSample;
				USES_XCTRUNNER = YES;
			};
			name = Debug;
		};
		D23B36221C0C6B6600B3DDBD /* Release */ = {
			isa = XCBuildConfiguration;
			buildSettings = {
				INFOPLIST_FILE = greenhouseSampleUITests/Info.plist;
				LD_RUNPATH_SEARCH_PATHS = "$(inherited) @executable_path/Frameworks @loader_path/Frameworks";
				PRODUCT_BUNDLE_IDENTIFIER = jp.lifelog.greenhouseSampleUITests;
				PRODUCT_NAME = "$(TARGET_NAME)";
				TEST_TARGET_NAME = greenhouseSample;
				USES_XCTRUNNER = YES;
			};
			name = Release;
		};
/* End XCBuildConfiguration section */

/* Begin XCConfigurationList section */
		D23B35ED1C0C6B6600B3DDBD /* Build configuration list for PBXProject "greenhouseSample" */ = {
			isa = XCConfigurationList;
			buildConfigurations = (
				D23B36181C0C6B6600B3DDBD /* Debug */,
				D23B36191C0C6B6600B3DDBD /* Release */,
			);
			defaultConfigurationIsVisible = 0;
			defaultConfigurationName = Release;
		};
		D23B361A1C0C6B6600B3DDBD /* Build configuration list for PBXNativeTarget "greenhouseSample" */ = {
			isa = XCConfigurationList;
			buildConfigurations = (
				D23B361B1C0C6B6600B3DDBD /* Debug */,
				D23B361C1C0C6B6600B3DDBD /* Release */,
			);
			defaultConfigurationIsVisible = 0;
		};
		D23B361D1C0C6B6600B3DDBD /* Build configuration list for PBXNativeTarget "greenhouseSampleTests" */ = {
			isa = XCConfigurationList;
			buildConfigurations = (
				D23B361E1C0C6B6600B3DDBD /* Debug */,
				D23B361F1C0C6B6600B3DDBD /* Release */,
			);
			defaultConfigurationIsVisible = 0;
		};
		D23B36201C0C6B6600B3DDBD /* Build configuration list for PBXNativeTarget "greenhouseSampleUITests" */ = {
			isa = XCConfigurationList;
			buildConfigurations = (
				D23B36211C0C6B6600B3DDBD /* Debug */,
				D23B36221C0C6B6600B3DDBD /* Release */,
			);
			defaultConfigurationIsVisible = 0;
		};
/* End XCConfigurationList section */
	};
	rootObject = D23B35EA1C0C6B6600B3DDBD /* Project object */;
}
